
Microsoft Visual Studio Solution File, Format Version 11.00
# Visual Studio 2010
Project("{2150E333-8FDC-42A3-9474-1A3956D46DE8}") = "Solution Items", "Solution Items", "{49EC31BB-3A94-4372-A989-188520267C10}"
	ProjectSection(SolutionItems) = preProject
		AsposeSlides.vsmdi = AsposeSlides.vsmdi
		Local.testsettings = Local.testsettings
		TraceAndTestImpact.testsettings = TraceAndTestImpact.testsettings
	EndProjectSection
EndProject
Project("{FAE04EC0-301F-11D3-BF4B-00C04F79EFBC}") = "AsposeSlides", "AsposeSlides.csproj", "{94C66518-A893-451C-ABA7-555AC23D6005}"
EndProject
Project("{FAE04EC0-301F-11D3-BF4B-00C04F79EFBC}") = "SlidesTest", "SlidesTest\SlidesTest.csproj", "{2E0C163E-0BB6-4F55-9C3B-04A0641EA659}"
EndProject
Global
	GlobalSection(SolutionConfigurationPlatforms) = preSolution
		Debug|Any CPU = Debug|Any CPU
		Debug|Mixed Platforms = Debug|Mixed Platforms
		Debug|x86 = Debug|x86
		Release|Any CPU = Release|Any CPU
		Release|Mixed Platforms = Release|Mixed Platforms
		Release|x86 = Release|x86
	EndGlobalSection
	GlobalSection(ProjectConfigurationPlatforms) = postSolution
		{94C66518-A893-451C-ABA7-555AC23D6005}.Debug|Any CPU.ActiveCfg = Debug|x86
		{94C66518-A893-451C-ABA7-555AC23D6005}.Debug|Mixed Platforms.ActiveCfg = Debug|x86
		{94C66518-A893-451C-ABA7-555AC23D6005}.Debug|Mixed Platforms.Build.0 = Debug|x86
		{94C66518-A893-451C-ABA7-555AC23D6005}.Debug|x86.ActiveCfg = Debug|x86
		{94C66518-A893-451C-ABA7-555AC23D6005}.Debug|x86.Build.0 = Debug|x86
		{94C66518-A893-451C-ABA7-555AC23D6005}.Release|Any CPU.ActiveCfg = Release|x86
		{94C66518-A893-451C-ABA7-555AC23D6005}.Release|Mixed Platforms.ActiveCfg = Release|x86
		{94C66518-A893-451C-ABA7-555AC23D6005}.Release|Mixed Platforms.Build.0 = Release|x86
		{94C66518-A893-451C-ABA7-555AC23D6005}.Release|x86.ActiveCfg = Release|x86
		{94C66518-A893-451C-ABA7-555AC23D6005}.Release|x86.Build.0 = Release|x86
		{2E0C163E-0BB6-4F55-9C3B-04A0641EA659}.Debug|Any CPU.ActiveCfg = Debug|Any CPU
		{2E0C163E-0BB6-4F55-9C3B-04A0641EA659}.Debug|Any CPU.Build.0 = Debug|Any CPU
		{2E0C163E-0BB6-4F55-9C3B-04A0641EA659}.Debug|Mixed Platforms.ActiveCfg = Debug|Any CPU
		{2E0C163E-0BB6-4F55-9C3B-04A0641EA659}.Debug|Mixed Platforms.Build.0 = Debug|Any CPU
		{2E0C163E-0BB6-4F55-9C3B-04A0641EA659}.Debug|x86.ActiveCfg = Debug|Any CPU
		{2E0C163E-0BB6-4F55-9C3B-04A0641EA659}.Release|Any CPU.ActiveCfg = Release|Any CPU
		{2E0C163E-0BB6-4F55-9C3B-04A0641EA659}.Release|Any CPU.Build.0 = Release|Any CPU
		{2E0C163E-0BB6-4F55-9C3B-04A0641EA659}.Release|Mixed Platforms.ActiveCfg = Release|Any CPU
		{2E0C163E-0BB6-4F55-9C3B-04A0641EA659}.Release|Mixed Platforms.Build.0 = Release|Any CPU
		{2E0C163E-0BB6-4F55-9C3B-04A0641EA659}.Release|x86.ActiveCfg = Release|Any CPU
	EndGlobalSection
	GlobalSection(SolutionProperties) = preSolution
		HideSolutionNode = FALSE
	EndGlobalSection
EndGlobal
